
Microsoft Visual Studio Solution File, Format Version 12.00
# Visual Studio 15
VisualStudioVersion = 15.0.28010.2036
MinimumVisualStudioVersion = 10.0.40219.1
Project("{FAE04EC0-301F-11D3-BF4B-00C04F79EFBC}") = "Async and Await", "Async and Await\Async and Await.csproj", "{BC869502-3805-4386-8FEA-E3E82DD43F22}"
EndProject
Global
	GlobalSection(SolutionConfigurationPlatforms) = preSolution
		Debug|Any CPU = Debug|Any CPU
		Release|Any CPU = Release|Any CPU
	EndGlobalSection
	GlobalSection(ProjectConfigurationPlatforms) = postSolution
		{BC869502-3805-4386-8FEA-E3E82DD43F22}.Debug|Any CPU.ActiveCfg = Debug|Any CPU
		{BC869502-3805-4386-8FEA-E3E82DD43F22}.Debug|Any CPU.Build.0 = Debug|Any CPU
		{BC869502-3805-4386-8FEA-E3E82DD43F22}.Release|Any CPU.ActiveCfg = Release|Any CPU
		{BC869502-3805-4386-8FEA-E3E82DD43F22}.Release|Any CPU.Build.0 = Release|Any CPU
	EndGlobalSection
	GlobalSection(SolutionProperties) = preSolution
		HideSolutionNode = FALSE
	EndGlobalSection
	GlobalSection(ExtensibilityGlobals) = postSolution
		SolutionGuid = {0DDF1D0D-6541-4946-A8ED-4C026D01113E}
	EndGlobalSection
EndGlobal
